{
  "name": "kokomi.js",
  "version": "1.2.4",
  "lockfileVersion": 2,
  "requires": true,
  "packages": {
    "": {
      "name": "kokomi.js",
      "version": "1.2.4",
      "license": "MIT",
      "dependencies": {
        "cannon-es": "^0.19.0",
        "imagesloaded": "^5.0.0",
        "maku.js": "^1.0.3",
        "mitt": "^3.0.0",
        "stats.js": "^0.17.0",
        "three": "^0.139.0",
        "three-stdlib": "^2.8.11",
        "three.interactive": "^1.2.1"
      },
      "devDependencies": {
        "@types/imagesloaded": "^4.1.2",
        "@types/stats.js": "^0.17.0",
        "@types/three": "^0.139.0"
      }
    },
    "node_modules/@babel/runtime": {
      "version": "7.17.8",
      "resolved": "https://registry.npmjs.org/@babel/runtime/-/runtime-7.17.8.tgz",
      "integrity": "sha512-dQpEpK0O9o6lj6oPu0gRDbbnk+4LeHlNcBpspf6Olzt3GIX4P1lWF1gS+pHLDFlaJvbR6q7jCfQ08zA4QJBnmA==",
      "dependencies": {
        "regenerator-runtime": "^0.13.4"
      },
      "engines": {
        "node": ">=6.9.0"
      }
    },
    "node_modules/@chevrotain/cst-dts-gen": {
      "version": "10.1.2",
      "resolved": "https://registry.npmjs.org/@chevrotain/cst-dts-gen/-/cst-dts-gen-10.1.2.tgz",
      "integrity": "sha512-E/XrL0QlzExycPzwhOEZGVOheJ/Clr5uNv3oCds88MiNqEmg3UU1iauZk7DhjsUo3jgEW4lf0I5HRl7/HC5ZkQ==",
      "dependencies": {
        "@chevrotain/gast": "^10.1.2",
        "@chevrotain/types": "^10.1.2",
        "lodash": "4.17.21"
      }
    },
    "node_modules/@chevrotain/gast": {
      "version": "10.1.2",
      "resolved": "https://registry.npmjs.org/@chevrotain/gast/-/gast-10.1.2.tgz",
      "integrity": "sha512-er+TcxUOMuGOPoiOq8CJsRm92zGE4YPIYtyxJfxoVwVgtj4AMrPNCmrHvYaK/bsbt2DaDuFdcbbAfM9bcBXW6Q==",
      "dependencies": {
        "@chevrotain/types": "^10.1.2",
        "lodash": "4.17.21"
      }
    },
    "node_modules/@chevrotain/types": {
      "version": "10.1.2",
      "resolved": "https://registry.npmjs.org/@chevrotain/types/-/types-10.1.2.tgz",
      "integrity": "sha512-4qF9SmmWKv8AIG/3d+71VFuqLumNCQTP5GoL0CW6x7Ay2OdXm6FUgWFLTMneGUjYUk2C+MSCf7etQfdq3LEr1A=="
    },
    "node_modules/@chevrotain/utils": {
      "version": "10.1.2",
      "resolved": "https://registry.npmjs.org/@chevrotain/utils/-/utils-10.1.2.tgz",
      "integrity": "sha512-bbZIpW6fdyf7FMaeDmw3cBbkTqsecxEkwlVKgVfqqXWBPLH6azxhPA2V9F7OhoZSVrsnMYw7QuyK6qutXPjEew=="
    },
    "node_modules/@types/imagesloaded": {
      "version": "4.1.2",
      "resolved": "https://registry.npmjs.org/@types/imagesloaded/-/imagesloaded-4.1.2.tgz",
      "integrity": "sha512-QxpoYhaYgv1qXwwPd6EnQFLkzrRZaecIafPsY51fnrsr+qIh0wrPVaOQirBaFl+FjFHk5BMfpf+6QHy0lRrcNw==",
      "dev": true,
      "dependencies": {
        "@types/jquery": "*"
      }
    },
    "node_modules/@types/jquery": {
      "version": "3.5.14",
      "resolved": "https://registry.npmjs.org/@types/jquery/-/jquery-3.5.14.tgz",
      "integrity": "sha512-X1gtMRMbziVQkErhTQmSe2jFwwENA/Zr+PprCkF63vFq+Yt5PZ4AlKqgmeNlwgn7dhsXEK888eIW2520EpC+xg==",
      "dev": true,
      "dependencies": {
        "@types/sizzle": "*"
      }
    },
    "node_modules/@types/sizzle": {
      "version": "2.3.3",
      "resolved": "https://registry.npmjs.org/@types/sizzle/-/sizzle-2.3.3.tgz",
      "integrity": "sha512-JYM8x9EGF163bEyhdJBpR2QX1R5naCJHC8ucJylJ3w9/CVBaskdQ8WqBf8MmQrd1kRvp/a4TS8HJ+bxzR7ZJYQ==",
      "dev": true
    },
    "node_modules/@types/stats.js": {
      "version": "0.17.0",
      "resolved": "https://registry.npmjs.org/@types/stats.js/-/stats.js-0.17.0.tgz",
      "integrity": "sha512-9w+a7bR8PeB0dCT/HBULU2fMqf6BAzvKbxFboYhmDtDkKPiyXYbjoe2auwsXlEFI7CFNMF1dCv3dFH5Poy9R1w==",
      "dev": true
    },
    "node_modules/@types/three": {
      "version": "0.139.0",
      "resolved": "https://registry.npmjs.org/@types/three/-/three-0.139.0.tgz",
      "integrity": "sha512-4V/jZhyq7Mv05coUzxL3bz8AuBOSi/1F0RY7ujisHTV0Amy/fnYJ+s7TSJ1/hXjZukSkpuFRgV+wvWUEMbsMbQ==",
      "dev": true
    },
    "node_modules/@webgpu/glslang": {
      "version": "0.0.15",
      "resolved": "https://registry.npmjs.org/@webgpu/glslang/-/glslang-0.0.15.tgz",
      "integrity": "sha512-niT+Prh3Aff8Uf1MVBVUsaNjFj9rJAKDXuoHIKiQbB+6IUP/3J3JIhBNyZ7lDhytvXxw6ppgnwKZdDJ08UMj4Q=="
    },
    "node_modules/cannon-es": {
      "version": "0.19.0",
      "resolved": "https://registry.npmjs.org/cannon-es/-/cannon-es-0.19.0.tgz",
      "integrity": "sha512-fu9UXrjFmAQXq3JyBVPbtyc53suX+QHzikZEJykxroVNnIx1xHq0jZenK8qwhdwbBAtDL9n/47TyPELuSQwZuA=="
    },
    "node_modules/chevrotain": {
      "version": "10.1.2",
      "resolved": "https://registry.npmjs.org/chevrotain/-/chevrotain-10.1.2.tgz",
      "integrity": "sha512-hvRiQuhhTZxkPMGD/dke+s1EGo8AkKDBU05CcufBO278qgAQSwIC4QyLdHz0CFHVtqVYWjlAS5D1KwvBbaHT+w==",
      "dependencies": {
        "@chevrotain/cst-dts-gen": "^10.1.2",
        "@chevrotain/gast": "^10.1.2",
        "@chevrotain/types": "^10.1.2",
        "@chevrotain/utils": "^10.1.2",
        "lodash": "4.17.21",
        "regexp-to-ast": "0.5.0"
      }
    },
    "node_modules/draco3d": {
      "version": "1.5.2",
      "resolved": "https://registry.npmjs.org/draco3d/-/draco3d-1.5.2.tgz",
      "integrity": "sha512-AeRQ25Fb29c14vpjnh167UGW0nGY0ZpEM3ld+zEXoEySlmEXcXfsCHZeTgo5qXH925V1JsdjrzasdaQ22/vXog=="
    },
    "node_modules/ev-emitter": {
      "version": "2.1.2",
      "resolved": "https://registry.npmjs.org/ev-emitter/-/ev-emitter-2.1.2.tgz",
      "integrity": "sha512-jQ5Ql18hdCQ4qS+RCrbLfz1n+Pags27q5TwMKvZyhp5hh2UULUYZUy1keqj6k6SYsdqIYjnmz7xyyEY0V67B8Q=="
    },
    "node_modules/fflate": {
      "version": "0.6.10",
      "resolved": "https://registry.npmjs.org/fflate/-/fflate-0.6.10.tgz",
      "integrity": "sha512-IQrh3lEPM93wVCEczc9SaAOvkmcoQn/G8Bo1e8ZPlY3X3bnAxWaBdvTdvM1hP62iZp0BXWDy4vTAy4fF0+Dlpg=="
    },
    "node_modules/imagesloaded": {
      "version": "5.0.0",
      "resolved": "https://registry.npmjs.org/imagesloaded/-/imagesloaded-5.0.0.tgz",
      "integrity": "sha512-/0JGSubc1MTCoDKVmonLHgbifBWHdyLkun+R/151E1c5n79hiSxcd7cB7mPXFgojYu8xnRZv7GYxzKoxW8BetQ==",
      "dependencies": {
        "ev-emitter": "^2.1.2"
      }
    },
    "node_modules/ktx-parse": {
      "version": "0.2.2",
      "resolved": "https://registry.npmjs.org/ktx-parse/-/ktx-parse-0.2.2.tgz",
      "integrity": "sha512-cFBc1jnGG2WlUf52NbDUXK2obJ+Mo9WUkBRvr6tP6CKxRMvZwDDFNV3JAS4cewETp5KyexByfWm9sm+O8AffiQ=="
    },
    "node_modules/lodash": {
      "version": "4.17.21",
      "resolved": "https://registry.npmjs.org/lodash/-/lodash-4.17.21.tgz",
      "integrity": "sha512-v2kDEe57lecTulaDIuNTPy3Ry4gLGJ6Z1O3vE1krgXZNrsQ+LFTGHVxVjcXPs17LhbZVGedAJv8XZ1tvj5FvSg=="
    },
    "node_modules/maku.js": {
      "version": "1.0.3",
      "resolved": "https://registry.npmjs.org/maku.js/-/maku.js-1.0.3.tgz",
      "integrity": "sha512-NNDdRHSXT7NBy3+Ai9lUgT9Dv3EDYQf37KdPv0grFGNYq/Afaz84HwgWBwKnfEtvNoUft7IuerRhViLJ2YuBAA==",
      "dependencies": {
        "three": "^0.138.3"
      }
    },
    "node_modules/maku.js/node_modules/three": {
      "version": "0.138.3",
      "resolved": "https://registry.npmjs.org/three/-/three-0.138.3.tgz",
      "integrity": "sha512-4t1cKC8gimNyJChJbaklg8W/qj3PpsLJUIFm5LIuAy/hVxxNm1ru2FGTSfbTSsuHmC/7ipsyuGKqrSAKLNtkzg=="
    },
    "node_modules/mitt": {
      "version": "3.0.0",
      "resolved": "https://registry.npmjs.org/mitt/-/mitt-3.0.0.tgz",
      "integrity": "sha512-7dX2/10ITVyqh4aOSVI9gdape+t9l2/8QxHrFmUXu4EEUpdlxl6RudZUPZoc+zuY2hk1j7XxVroIVIan/pD/SQ=="
    },
    "node_modules/mmd-parser": {
      "version": "1.0.4",
      "resolved": "https://registry.npmjs.org/mmd-parser/-/mmd-parser-1.0.4.tgz",
      "integrity": "sha512-Qi0VCU46t2IwfGv5KF0+D/t9cizcDug7qnNoy9Ggk7aucp0tssV8IwTMkBlDbm+VqAf3cdQHTCARKSsuS2MYFg=="
    },
    "node_modules/opentype.js": {
      "version": "1.3.4",
      "resolved": "https://registry.npmjs.org/opentype.js/-/opentype.js-1.3.4.tgz",
      "integrity": "sha512-d2JE9RP/6uagpQAVtJoF0pJJA/fgai89Cc50Yp0EJHk+eLp6QQ7gBoblsnubRULNY132I0J1QKMJ+JTbMqz4sw==",
      "dependencies": {
        "string.prototype.codepointat": "^0.2.1",
        "tiny-inflate": "^1.0.3"
      },
      "bin": {
        "ot": "bin/ot"
      },
      "engines": {
        "node": ">= 8.0.0"
      }
    },
    "node_modules/potpack": {
      "version": "1.0.2",
      "resolved": "https://registry.npmjs.org/potpack/-/potpack-1.0.2.tgz",
      "integrity": "sha512-choctRBIV9EMT9WGAZHn3V7t0Z2pMQyl0EZE6pFc/6ml3ssw7Dlf/oAOvFwjm1HVsqfQN8GfeFyJ+d8tRzqueQ=="
    },
    "node_modules/regenerator-runtime": {
      "version": "0.13.9",
      "resolved": "https://registry.npmjs.org/regenerator-runtime/-/regenerator-runtime-0.13.9.tgz",
      "integrity": "sha512-p3VT+cOEgxFsRRA9X4lkI1E+k2/CtnKtU4gcxyaCUreilL/vqI6CdZ3wxVUx3UOUg+gnUOQQcRI7BmSI656MYA=="
    },
    "node_modules/regexp-to-ast": {
      "version": "0.5.0",
      "resolved": "https://registry.npmjs.org/regexp-to-ast/-/regexp-to-ast-0.5.0.tgz",
      "integrity": "sha512-tlbJqcMHnPKI9zSrystikWKwHkBqu2a/Sgw01h3zFjvYrMxEDYHzzoMZnUrbIfpTFEsoRnnviOXNCzFiSc54Qw=="
    },
    "node_modules/stats.js": {
      "version": "0.17.0",
      "resolved": "https://registry.npmjs.org/stats.js/-/stats.js-0.17.0.tgz",
      "integrity": "sha1-scPcRtlEmLV4t/05hbgaznExzH0="
    },
    "node_modules/string.prototype.codepointat": {
      "version": "0.2.1",
      "resolved": "https://registry.npmjs.org/string.prototype.codepointat/-/string.prototype.codepointat-0.2.1.tgz",
      "integrity": "sha512-2cBVCj6I4IOvEnjgO/hWqXjqBGsY+zwPmHl12Srk9IXSZ56Jwwmy+66XO5Iut/oQVR7t5ihYdLB0GMa4alEUcg=="
    },
    "node_modules/three": {
      "version": "0.139.0",
      "resolved": "https://registry.npmjs.org/three/-/three-0.139.0.tgz",
      "integrity": "sha512-hZ4LkCjgoEM82WLaOVptDKGpB3SkEyuJP2OHe36AFO8hS2I6CrEiNanXj7wwR3wIPT7V5wi5Y5pFnncS5SVHgQ=="
    },
    "node_modules/three-stdlib": {
      "version": "2.8.11",
      "resolved": "https://registry.npmjs.org/three-stdlib/-/three-stdlib-2.8.11.tgz",
      "integrity": "sha512-hGBvh8PIh3ZvrIbqrUUYobtbQInjnWtv/Pc9Ed4Xom2e+okGIT7ewzbFCEYV2SQ+G1A4PgB/EoXCfxsimQwtEQ==",
      "dependencies": {
        "@babel/runtime": "^7.16.7",
        "@webgpu/glslang": "^0.0.15",
        "chevrotain": "^10.1.2",
        "draco3d": "^1.4.1",
        "fflate": "^0.6.9",
        "ktx-parse": "^0.2.1",
        "mmd-parser": "^1.0.4",
        "opentype.js": "^1.3.3",
        "potpack": "^1.0.1",
        "zstddec": "^0.0.2"
      },
      "peerDependencies": {
        "three": ">=0.137.0"
      }
    },
    "node_modules/three.interactive": {
      "version": "1.2.1",
      "resolved": "https://registry.npmjs.org/three.interactive/-/three.interactive-1.2.1.tgz",
      "integrity": "sha512-p+gLMZFHiq96CzemNADyTU4L+Qvsji7oxp6U0x05WsU5QciYzqQXdPOIoRyBHdoi8wXXVwUUOgIe6o4gd6MvVA==",
      "dependencies": {
        "three": "^0.138.0"
      }
    },
    "node_modules/three.interactive/node_modules/three": {
      "version": "0.138.3",
      "resolved": "https://registry.npmjs.org/three/-/three-0.138.3.tgz",
      "integrity": "sha512-4t1cKC8gimNyJChJbaklg8W/qj3PpsLJUIFm5LIuAy/hVxxNm1ru2FGTSfbTSsuHmC/7ipsyuGKqrSAKLNtkzg=="
    },
    "node_modules/tiny-inflate": {
      "version": "1.0.3",
      "resolved": "https://registry.npmjs.org/tiny-inflate/-/tiny-inflate-1.0.3.tgz",
      "integrity": "sha512-pkY1fj1cKHb2seWDy0B16HeWyczlJA9/WW3u3c4z/NiWDsO3DOU5D7nhTLE9CF0yXv/QZFY7sEJmj24dK+Rrqw=="
    },
    "node_modules/zstddec": {
      "version": "0.0.2",
      "resolved": "https://registry.npmjs.org/zstddec/-/zstddec-0.0.2.tgz",
      "integrity": "sha512-DCo0oxvcvOTGP/f5FA6tz2Z6wF+FIcEApSTu0zV5sQgn9hoT5lZ9YRAKUraxt9oP7l4e8TnNdi8IZTCX6WCkwA=="
    }
  },
  "dependencies": {
    "@babel/runtime": {
      "version": "7.17.8",
      "resolved": "https://registry.npmjs.org/@babel/runtime/-/runtime-7.17.8.tgz",
      "integrity": "sha512-dQpEpK0O9o6lj6oPu0gRDbbnk+4LeHlNcBpspf6Olzt3GIX4P1lWF1gS+pHLDFlaJvbR6q7jCfQ08zA4QJBnmA==",
      "requires": {
        "regenerator-runtime": "^0.13.4"
      }
    },
    "@chevrotain/cst-dts-gen": {
      "version": "10.1.2",
      "resolved": "https://registry.npmjs.org/@chevrotain/cst-dts-gen/-/cst-dts-gen-10.1.2.tgz",
      "integrity": "sha512-E/XrL0QlzExycPzwhOEZGVOheJ/Clr5uNv3oCds88MiNqEmg3UU1iauZk7DhjsUo3jgEW4lf0I5HRl7/HC5ZkQ==",
      "requires": {
        "@chevrotain/gast": "^10.1.2",
        "@chevrotain/types": "^10.1.2",
        "lodash": "4.17.21"
      }
    },
    "@chevrotain/gast": {
      "version": "10.1.2",
      "resolved": "https://registry.npmjs.org/@chevrotain/gast/-/gast-10.1.2.tgz",
      "integrity": "sha512-er+TcxUOMuGOPoiOq8CJsRm92zGE4YPIYtyxJfxoVwVgtj4AMrPNCmrHvYaK/bsbt2DaDuFdcbbAfM9bcBXW6Q==",
      "requires": {
        "@chevrotain/types": "^10.1.2",
        "lodash": "4.17.21"
      }
    },
    "@chevrotain/types": {
      "version": "10.1.2",
      "resolved": "https://registry.npmjs.org/@chevrotain/types/-/types-10.1.2.tgz",
      "integrity": "sha512-4qF9SmmWKv8AIG/3d+71VFuqLumNCQTP5GoL0CW6x7Ay2OdXm6FUgWFLTMneGUjYUk2C+MSCf7etQfdq3LEr1A=="
    },
    "@chevrotain/utils": {
      "version": "10.1.2",
      "resolved": "https://registry.npmjs.org/@chevrotain/utils/-/utils-10.1.2.tgz",
      "integrity": "sha512-bbZIpW6fdyf7FMaeDmw3cBbkTqsecxEkwlVKgVfqqXWBPLH6azxhPA2V9F7OhoZSVrsnMYw7QuyK6qutXPjEew=="
    },
    "@types/imagesloaded": {
      "version": "4.1.2",
      "resolved": "https://registry.npmjs.org/@types/imagesloaded/-/imagesloaded-4.1.2.tgz",
      "integrity": "sha512-QxpoYhaYgv1qXwwPd6EnQFLkzrRZaecIafPsY51fnrsr+qIh0wrPVaOQirBaFl+FjFHk5BMfpf+6QHy0lRrcNw==",
      "dev": true,
      "requires": {
        "@types/jquery": "*"
      }
    },
    "@types/jquery": {
      "version": "3.5.14",
      "resolved": "https://registry.npmjs.org/@types/jquery/-/jquery-3.5.14.tgz",
      "integrity": "sha512-X1gtMRMbziVQkErhTQmSe2jFwwENA/Zr+PprCkF63vFq+Yt5PZ4AlKqgmeNlwgn7dhsXEK888eIW2520EpC+xg==",
      "dev": true,
      "requires": {
        "@types/sizzle": "*"
      }
    },
    "@types/sizzle": {
      "version": "2.3.3",
      "resolved": "https://registry.npmjs.org/@types/sizzle/-/sizzle-2.3.3.tgz",
      "integrity": "sha512-JYM8x9EGF163bEyhdJBpR2QX1R5naCJHC8ucJylJ3w9/CVBaskdQ8WqBf8MmQrd1kRvp/a4TS8HJ+bxzR7ZJYQ==",
      "dev": true
    },
    "@types/stats.js": {
      "version": "0.17.0",
      "resolved": "https://registry.npmjs.org/@types/stats.js/-/stats.js-0.17.0.tgz",
      "integrity": "sha512-9w+a7bR8PeB0dCT/HBULU2fMqf6BAzvKbxFboYhmDtDkKPiyXYbjoe2auwsXlEFI7CFNMF1dCv3dFH5Poy9R1w==",
      "dev": true
    },
    "@types/three": {
      "version": "0.139.0",
      "resolved": "https://registry.npmjs.org/@types/three/-/three-0.139.0.tgz",
      "integrity": "sha512-4V/jZhyq7Mv05coUzxL3bz8AuBOSi/1F0RY7ujisHTV0Amy/fnYJ+s7TSJ1/hXjZukSkpuFRgV+wvWUEMbsMbQ==",
      "dev": true
    },
    "@webgpu/glslang": {
      "version": "0.0.15",
      "resolved": "https://registry.npmjs.org/@webgpu/glslang/-/glslang-0.0.15.tgz",
      "integrity": "sha512-niT+Prh3Aff8Uf1MVBVUsaNjFj9rJAKDXuoHIKiQbB+6IUP/3J3JIhBNyZ7lDhytvXxw6ppgnwKZdDJ08UMj4Q=="
    },
    "cannon-es": {
      "version": "0.19.0",
      "resolved": "https://registry.npmjs.org/cannon-es/-/cannon-es-0.19.0.tgz",
      "integrity": "sha512-fu9UXrjFmAQXq3JyBVPbtyc53suX+QHzikZEJykxroVNnIx1xHq0jZenK8qwhdwbBAtDL9n/47TyPELuSQwZuA=="
    },
    "chevrotain": {
      "version": "10.1.2",
      "resolved": "https://registry.npmjs.org/chevrotain/-/chevrotain-10.1.2.tgz",
      "integrity": "sha512-hvRiQuhhTZxkPMGD/dke+s1EGo8AkKDBU05CcufBO278qgAQSwIC4QyLdHz0CFHVtqVYWjlAS5D1KwvBbaHT+w==",
      "requires": {
        "@chevrotain/cst-dts-gen": "^10.1.2",
        "@chevrotain/gast": "^10.1.2",
        "@chevrotain/types": "^10.1.2",
        "@chevrotain/utils": "^10.1.2",
        "lodash": "4.17.21",
        "regexp-to-ast": "0.5.0"
      }
    },
    "draco3d": {
      "version": "1.5.2",
      "resolved": "https://registry.npmjs.org/draco3d/-/draco3d-1.5.2.tgz",
      "integrity": "sha512-AeRQ25Fb29c14vpjnh167UGW0nGY0ZpEM3ld+zEXoEySlmEXcXfsCHZeTgo5qXH925V1JsdjrzasdaQ22/vXog=="
    },
    "ev-emitter": {
      "version": "2.1.2",
      "resolved": "https://registry.npmjs.org/ev-emitter/-/ev-emitter-2.1.2.tgz",
      "integrity": "sha512-jQ5Ql18hdCQ4qS+RCrbLfz1n+Pags27q5TwMKvZyhp5hh2UULUYZUy1keqj6k6SYsdqIYjnmz7xyyEY0V67B8Q=="
    },
    "fflate": {
      "version": "0.6.10",
      "resolved": "https://registry.npmjs.org/fflate/-/fflate-0.6.10.tgz",
      "integrity": "sha512-IQrh3lEPM93wVCEczc9SaAOvkmcoQn/G8Bo1e8ZPlY3X3bnAxWaBdvTdvM1hP62iZp0BXWDy4vTAy4fF0+Dlpg=="
    },
    "imagesloaded": {
      "version": "5.0.0",
      "resolved": "https://registry.npmjs.org/imagesloaded/-/imagesloaded-5.0.0.tgz",
      "integrity": "sha512-/0JGSubc1MTCoDKVmonLHgbifBWHdyLkun+R/151E1c5n79hiSxcd7cB7mPXFgojYu8xnRZv7GYxzKoxW8BetQ==",
      "requires": {
        "ev-emitter": "^2.1.2"
      }
    },
    "ktx-parse": {
      "version": "0.2.2",
      "resolved": "https://registry.npmjs.org/ktx-parse/-/ktx-parse-0.2.2.tgz",
      "integrity": "sha512-cFBc1jnGG2WlUf52NbDUXK2obJ+Mo9WUkBRvr6tP6CKxRMvZwDDFNV3JAS4cewETp5KyexByfWm9sm+O8AffiQ=="
    },
    "lodash": {
      "version": "4.17.21",
      "resolved": "https://registry.npmjs.org/lodash/-/lodash-4.17.21.tgz",
      "integrity": "sha512-v2kDEe57lecTulaDIuNTPy3Ry4gLGJ6Z1O3vE1krgXZNrsQ+LFTGHVxVjcXPs17LhbZVGedAJv8XZ1tvj5FvSg=="
    },
    "maku.js": {
      "version": "1.0.3",
      "resolved": "https://registry.npmjs.org/maku.js/-/maku.js-1.0.3.tgz",
      "integrity": "sha512-NNDdRHSXT7NBy3+Ai9lUgT9Dv3EDYQf37KdPv0grFGNYq/Afaz84HwgWBwKnfEtvNoUft7IuerRhViLJ2YuBAA==",
      "requires": {
        "three": "^0.138.3"
      },
      "dependencies": {
        "three": {
          "version": "0.138.3",
          "resolved": "https://registry.npmjs.org/three/-/three-0.138.3.tgz",
          "integrity": "sha512-4t1cKC8gimNyJChJbaklg8W/qj3PpsLJUIFm5LIuAy/hVxxNm1ru2FGTSfbTSsuHmC/7ipsyuGKqrSAKLNtkzg=="
        }
      }
    },
    "mitt": {
      "version": "3.0.0",
      "resolved": "https://registry.npmjs.org/mitt/-/mitt-3.0.0.tgz",
      "integrity": "sha512-7dX2/10ITVyqh4aOSVI9gdape+t9l2/8QxHrFmUXu4EEUpdlxl6RudZUPZoc+zuY2hk1j7XxVroIVIan/pD/SQ=="
    },
    "mmd-parser": {
      "version": "1.0.4",
      "resolved": "https://registry.npmjs.org/mmd-parser/-/mmd-parser-1.0.4.tgz",
      "integrity": "sha512-Qi0VCU46t2IwfGv5KF0+D/t9cizcDug7qnNoy9Ggk7aucp0tssV8IwTMkBlDbm+VqAf3cdQHTCARKSsuS2MYFg=="
    },
    "opentype.js": {
      "version": "1.3.4",
      "resolved": "https://registry.npmjs.org/opentype.js/-/opentype.js-1.3.4.tgz",
      "integrity": "sha512-d2JE9RP/6uagpQAVtJoF0pJJA/fgai89Cc50Yp0EJHk+eLp6QQ7gBoblsnubRULNY132I0J1QKMJ+JTbMqz4sw==",
      "requires": {
        "string.prototype.codepointat": "^0.2.1",
        "tiny-inflate": "^1.0.3"
      }
    },
    "potpack": {
      "version": "1.0.2",
      "resolved": "https://registry.npmjs.org/potpack/-/potpack-1.0.2.tgz",
      "integrity": "sha512-choctRBIV9EMT9WGAZHn3V7t0Z2pMQyl0EZE6pFc/6ml3ssw7Dlf/oAOvFwjm1HVsqfQN8GfeFyJ+d8tRzqueQ=="
    },
    "regenerator-runtime": {
      "version": "0.13.9",
      "resolved": "https://registry.npmjs.org/regenerator-runtime/-/regenerator-runtime-0.13.9.tgz",
      "integrity": "sha512-p3VT+cOEgxFsRRA9X4lkI1E+k2/CtnKtU4gcxyaCUreilL/vqI6CdZ3wxVUx3UOUg+gnUOQQcRI7BmSI656MYA=="
    },
    "regexp-to-ast": {
      "version": "0.5.0",
      "resolved": "https://registry.npmjs.org/regexp-to-ast/-/regexp-to-ast-0.5.0.tgz",
      "integrity": "sha512-tlbJqcMHnPKI9zSrystikWKwHkBqu2a/Sgw01h3zFjvYrMxEDYHzzoMZnUrbIfpTFEsoRnnviOXNCzFiSc54Qw=="
    },
    "stats.js": {
      "version": "0.17.0",
      "resolved": "https://registry.npmjs.org/stats.js/-/stats.js-0.17.0.tgz",
      "integrity": "sha1-scPcRtlEmLV4t/05hbgaznExzH0="
    },
    "string.prototype.codepointat": {
      "version": "0.2.1",
      "resolved": "https://registry.npmjs.org/string.prototype.codepointat/-/string.prototype.codepointat-0.2.1.tgz",
      "integrity": "sha512-2cBVCj6I4IOvEnjgO/hWqXjqBGsY+zwPmHl12Srk9IXSZ56Jwwmy+66XO5Iut/oQVR7t5ihYdLB0GMa4alEUcg=="
    },
    "three": {
      "version": "0.139.0",
      "resolved": "https://registry.npmjs.org/three/-/three-0.139.0.tgz",
      "integrity": "sha512-hZ4LkCjgoEM82WLaOVptDKGpB3SkEyuJP2OHe36AFO8hS2I6CrEiNanXj7wwR3wIPT7V5wi5Y5pFnncS5SVHgQ=="
    },
    "three-stdlib": {
      "version": "2.8.11",
      "resolved": "https://registry.npmjs.org/three-stdlib/-/three-stdlib-2.8.11.tgz",
      "integrity": "sha512-hGBvh8PIh3ZvrIbqrUUYobtbQInjnWtv/Pc9Ed4Xom2e+okGIT7ewzbFCEYV2SQ+G1A4PgB/EoXCfxsimQwtEQ==",
      "requires": {
        "@babel/runtime": "^7.16.7",
        "@webgpu/glslang": "^0.0.15",
        "chevrotain": "^10.1.2",
        "draco3d": "^1.4.1",
        "fflate": "^0.6.9",
        "ktx-parse": "^0.2.1",
        "mmd-parser": "^1.0.4",
        "opentype.js": "^1.3.3",
        "potpack": "^1.0.1",
        "zstddec": "^0.0.2"
      }
    },
    "three.interactive": {
      "version": "1.2.1",
      "resolved": "https://registry.npmjs.org/three.interactive/-/three.interactive-1.2.1.tgz",
      "integrity": "sha512-p+gLMZFHiq96CzemNADyTU4L+Qvsji7oxp6U0x05WsU5QciYzqQXdPOIoRyBHdoi8wXXVwUUOgIe6o4gd6MvVA==",
      "requires": {
        "three": "^0.138.0"
      },
      "dependencies": {
        "three": {
          "version": "0.138.3",
          "resolved": "https://registry.npmjs.org/three/-/three-0.138.3.tgz",
          "integrity": "sha512-4t1cKC8gimNyJChJbaklg8W/qj3PpsLJUIFm5LIuAy/hVxxNm1ru2FGTSfbTSsuHmC/7ipsyuGKqrSAKLNtkzg=="
        }
      }
    },
    "tiny-inflate": {
      "version": "1.0.3",
      "resolved": "https://registry.npmjs.org/tiny-inflate/-/tiny-inflate-1.0.3.tgz",
      "integrity": "sha512-pkY1fj1cKHb2seWDy0B16HeWyczlJA9/WW3u3c4z/NiWDsO3DOU5D7nhTLE9CF0yXv/QZFY7sEJmj24dK+Rrqw=="
    },
    "zstddec": {
      "version": "0.0.2",
      "resolved": "https://registry.npmjs.org/zstddec/-/zstddec-0.0.2.tgz",
      "integrity": "sha512-DCo0oxvcvOTGP/f5FA6tz2Z6wF+FIcEApSTu0zV5sQgn9hoT5lZ9YRAKUraxt9oP7l4e8TnNdi8IZTCX6WCkwA=="
    }
  }
}
